
Microsoft Visual Studio Solution File, Format Version 12.00
# Visual Studio Version 16
VisualStudioVersion = 16.0.29519.87
MinimumVisualStudioVersion = 10.0.40219.1
Project("{FAE04EC0-301F-11D3-BF4B-00C04F79EFBC}") = "ConsoleApp4", "ConsoleApp4\ConsoleApp4.csproj", "{BE7567AC-D160-4F45-83CF-37BCAF112235}"
EndProject
Global
	GlobalSection(SolutionConfigurationPlatforms) = preSolution
		Debug|Any CPU = Debug|Any CPU
		Release|Any CPU = Release|Any CPU
	EndGlobalSection
	GlobalSection(ProjectConfigurationPlatforms) = postSolution
		{BE7567AC-D160-4F45-83CF-37BCAF112235}.Debug|Any CPU.ActiveCfg = Debug|Any CPU
		{BE7567AC-D160-4F45-83CF-37BCAF112235}.Debug|Any CPU.Build.0 = Debug|Any CPU
		{BE7567AC-D160-4F45-83CF-37BCAF112235}.Release|Any CPU.ActiveCfg = Release|Any CPU
		{BE7567AC-D160-4F45-83CF-37BCAF112235}.Release|Any CPU.Build.0 = Release|Any CPU
	EndGlobalSection
	GlobalSection(SolutionProperties) = preSolution
		HideSolutionNode = FALSE
	EndGlobalSection
	GlobalSection(ExtensibilityGlobals) = postSolution
		SolutionGuid = {BF43CDAE-CBC5-42B9-943E-105E59C03FE4}
	EndGlobalSection
EndGlobal
